
Microsoft Visual Studio Solution File, Format Version 12.00
# Visual Studio Version 16
VisualStudioVersion = 16.0.31702.278
MinimumVisualStudioVersion = 10.0.40219.1
Project("{9092AA53-FB77-4645-B42D-1CCCA6BD08BD}") = "twitterspace", "twitterspace\twitterspace.njsproj", "{CCD2F37C-D58A-431E-B5DF-258CEA97641E}"
EndProject
Global
	GlobalSection(SolutionConfigurationPlatforms) = preSolution
		Debug|Any CPU = Debug|Any CPU
		Release|Any CPU = Release|Any CPU
	EndGlobalSection
	GlobalSection(ProjectConfigurationPlatforms) = postSolution
		{CCD2F37C-D58A-431E-B5DF-258CEA97641E}.Debug|Any CPU.ActiveCfg = Debug|Any CPU
		{CCD2F37C-D58A-431E-B5DF-258CEA97641E}.Debug|Any CPU.Build.0 = Debug|Any CPU
		{CCD2F37C-D58A-431E-B5DF-258CEA97641E}.Release|Any CPU.ActiveCfg = Release|Any CPU
		{CCD2F37C-D58A-431E-B5DF-258CEA97641E}.Release|Any CPU.Build.0 = Release|Any CPU
	EndGlobalSection
	GlobalSection(SolutionProperties) = preSolution
		HideSolutionNode = FALSE
	EndGlobalSection
	GlobalSection(ExtensibilityGlobals) = postSolution
		SolutionGuid = {33806C3F-07A7-4D13-BE71-161EDE5D7766}
	EndGlobalSection
EndGlobal
